
Microsoft Visual Studio Solution File, Format Version 12.00
# Visual Studio Version 17
VisualStudioVersion = 17.8.34330.188
MinimumVisualStudioVersion = 10.0.40219.1
Project("{FAE04EC0-301F-11D3-BF4B-00C04F79EFBC}") = "ProductAPI", "ProductAPI\ProductAPI.csproj", "{DF13BE2D-A48C-45FB-8824-6B029A0396EF}"
EndProject
Project("{FAE04EC0-301F-11D3-BF4B-00C04F79EFBC}") = "CustomerAPI", "CustomerAPI\CustomerAPI.csproj", "{680D76D5-491C-48CF-830B-4FEAA88DF98E}"
EndProject
Project("{9A19103F-16F7-4668-BE54-9A1E7A4F7556}") = "APIGateway", "APIGateway\APIGateway.csproj", "{A64EA88D-3D25-4892-8185-88B1C4EB94A3}"
EndProject
Global
	GlobalSection(SolutionConfigurationPlatforms) = preSolution
		Debug|Any CPU = Debug|Any CPU
		Release|Any CPU = Release|Any CPU
	EndGlobalSection
	GlobalSection(ProjectConfigurationPlatforms) = postSolution
		{DF13BE2D-A48C-45FB-8824-6B029A0396EF}.Debug|Any CPU.ActiveCfg = Debug|Any CPU
		{DF13BE2D-A48C-45FB-8824-6B029A0396EF}.Debug|Any CPU.Build.0 = Debug|Any CPU
		{DF13BE2D-A48C-45FB-8824-6B029A0396EF}.Release|Any CPU.ActiveCfg = Release|Any CPU
		{DF13BE2D-A48C-45FB-8824-6B029A0396EF}.Release|Any CPU.Build.0 = Release|Any CPU
		{680D76D5-491C-48CF-830B-4FEAA88DF98E}.Debug|Any CPU.ActiveCfg = Debug|Any CPU
		{680D76D5-491C-48CF-830B-4FEAA88DF98E}.Debug|Any CPU.Build.0 = Debug|Any CPU
		{680D76D5-491C-48CF-830B-4FEAA88DF98E}.Release|Any CPU.ActiveCfg = Release|Any CPU
		{680D76D5-491C-48CF-830B-4FEAA88DF98E}.Release|Any CPU.Build.0 = Release|Any CPU
		{A64EA88D-3D25-4892-8185-88B1C4EB94A3}.Debug|Any CPU.ActiveCfg = Debug|Any CPU
		{A64EA88D-3D25-4892-8185-88B1C4EB94A3}.Debug|Any CPU.Build.0 = Debug|Any CPU
		{A64EA88D-3D25-4892-8185-88B1C4EB94A3}.Release|Any CPU.ActiveCfg = Release|Any CPU
		{A64EA88D-3D25-4892-8185-88B1C4EB94A3}.Release|Any CPU.Build.0 = Release|Any CPU
	EndGlobalSection
	GlobalSection(SolutionProperties) = preSolution
		HideSolutionNode = FALSE
	EndGlobalSection
	GlobalSection(ExtensibilityGlobals) = postSolution
		SolutionGuid = {BC325B5E-5521-4772-AAE2-2E3835F83E10}
	EndGlobalSection
EndGlobal
